// !$*UTF8*$!
{
	archiveVersion = 1;
	classes = {
	};
	objectVersion = 46;
	objects = {

/* Begin PBXBuildFile section */
		7F14C61519B5DA66001FA062 /* Weather&Time.ttf in Resources */ = {isa = PBXBuildFile; fileRef = 7F14C61419B5D92D001FA062 /* Weather&Time.ttf */; };
		7F14C61919B5DE58001FA062 /* UIImageViewAligned.m in Sources */ = {isa = PBXBuildFile; fileRef = 7F14C61819B5DE58001FA062 /* UIImageViewAligned.m */; };
		7F14C61D19B5EC69001FA062 /* WCAddCityViewController.m in Sources */ = {isa = PBXBuildFile; fileRef = 7F14C61C19B5EC69001FA062 /* WCAddCityViewController.m */; };
		7F14C62019B5F349001FA062 /* WCSlideDownModalAnimation.m in Sources */ = {isa = PBXBuildFile; fileRef = 7F14C61F19B5F349001FA062 /* WCSlideDownModalAnimation.m */; };
		7F14C62319B60EF0001FA062 /* WCCity.m in Sources */ = {isa = PBXBuildFile; fileRef = 7F14C62219B60EF0001FA062 /* WCCity.m */; };
		7F14C62719B61A29001FA062 /* WCCityCell.m in Sources */ = {isa = PBXBuildFile; fileRef = 7F14C62619B61A29001FA062 /* WCCityCell.m */; };
		7FAE69D819B5A6BA0061B1BD /* WCCollectionViewCell.m in Sources */ = {isa = PBXBuildFile; fileRef = 7FAE69D719B5A6BA0061B1BD /* WCCollectionViewCell.m */; };
		7FAE69DE19B5AD370061B1BD /* WCAlphaGradientView.m in Sources */ = {isa = PBXBuildFile; fileRef = 7FAE69DD19B5AD370061B1BD /* WCAlphaGradientView.m */; };
		7FAE69DF19B5AD640061B1BD /* QuartzCore.framework in Frameworks */ = {isa = PBXBuildFile; fileRef = 820114A919B35EFF00F44D0B /* QuartzCore.framework */; };
		7FAE69E519B5B2040061B1BD /* WCNavigationController.m in Sources */ = {isa = PBXBuildFile; fileRef = 7FAE69E419B5B2040061B1BD /* WCNavigationController.m */; };
		7FAE69FA19B5B42D0061B1BD /* AFHTTPRequestOperation.m in Sources */ = {isa = PBXBuildFile; fileRef = 7FAE69E819B5B42D0061B1BD /* AFHTTPRequestOperation.m */; };
		7FAE69FB19B5B42D0061B1BD /* AFHTTPRequestOperationManager.m in Sources */ = {isa = PBXBuildFile; fileRef = 7FAE69EA19B5B42D0061B1BD /* AFHTTPRequestOperationManager.m */; };
		7FAE69FC19B5B42D0061B1BD /* AFHTTPSessionManager.m in Sources */ = {isa = PBXBuildFile; fileRef = 7FAE69EC19B5B42D0061B1BD /* AFHTTPSessionManager.m */; };
		7FAE69FD19B5B42D0061B1BD /* AFNetworkReachabilityManager.m in Sources */ = {isa = PBXBuildFile; fileRef = 7FAE69EF19B5B42D0061B1BD /* AFNetworkReachabilityManager.m */; };
		7FAE69FE19B5B42D0061B1BD /* AFSecurityPolicy.m in Sources */ = {isa = PBXBuildFile; fileRef = 7FAE69F119B5B42D0061B1BD /* AFSecurityPolicy.m */; };
		7FAE69FF19B5B42D0061B1BD /* AFURLConnectionOperation.m in Sources */ = {isa = PBXBuildFile; fileRef = 7FAE69F319B5B42D0061B1BD /* AFURLConnectionOperation.m */; };
		7FAE6A0019B5B42D0061B1BD /* AFURLRequestSerialization.m in Sources */ = {isa = PBXBuildFile; fileRef = 7FAE69F519B5B42D0061B1BD /* AFURLRequestSerialization.m */; };
		7FAE6A0119B5B42D0061B1BD /* AFURLResponseSerialization.m in Sources */ = {isa = PBXBuildFile; fileRef = 7FAE69F719B5B42D0061B1BD /* AFURLResponseSerialization.m */; };
		7FAE6A0219B5B42D0061B1BD /* AFURLSessionManager.m in Sources */ = {isa = PBXBuildFile; fileRef = 7FAE69F919B5B42D0061B1BD /* AFURLSessionManager.m */; };
		7FAE6A0519B5C74B0061B1BD /* UIImageView+AFNetworking.m in Sources */ = {isa = PBXBuildFile; fileRef = 7FAE6A0419B5C74B0061B1BD /* UIImageView+AFNetworking.m */; };
		7FDB143219B6E29200790272 /* WCPhoto.m in Sources */ = {isa = PBXBuildFile; fileRef = 7FDB143119B6E29200790272 /* WCPhoto.m */; };
		8201147E19B3548A00F44D0B /* main.m in Sources */ = {isa = PBXBuildFile; fileRef = 8201147D19B3548A00F44D0B /* main.m */; };
		8201148119B3548A00F44D0B /* WCAppDelegate.m in Sources */ = {isa = PBXBuildFile; fileRef = 8201148019B3548A00F44D0B /* WCAppDelegate.m */; };
		8201148419B3548A00F44D0B /* WCMainViewController.m in Sources */ = {isa = PBXBuildFile; fileRef = 8201148319B3548A00F44D0B /* WCMainViewController.m */; };
		8201148719B3548A00F44D0B /* Main.storyboard in Resources */ = {isa = PBXBuildFile; fileRef = 8201148519B3548A00F44D0B /* Main.storyboard */; };
		8201148919B3548A00F44D0B /* Images.xcassets in Resources */ = {isa = PBXBuildFile; fileRef = 8201148819B3548A00F44D0B /* Images.xcassets */; };
		8201149519B3548A00F44D0B /* WeatherCandyTests.m in Sources */ = {isa = PBXBuildFile; fileRef = 8201149419B3548A00F44D0B /* WeatherCandyTests.m */; };
		820114A019B35BE500F44D0B /* Bolts.framework in Frameworks */ = {isa = PBXBuildFile; fileRef = 8201149E19B35BE500F44D0B /* Bolts.framework */; };
		820114A119B35BE500F44D0B /* Parse.framework in Frameworks */ = {isa = PBXBuildFile; fileRef = 8201149F19B35BE500F44D0B /* Parse.framework */; };
		820114AD19B35EFF00F44D0B /* AudioToolbox.framework in Frameworks */ = {isa = PBXBuildFile; fileRef = 820114A319B35EFF00F44D0B /* AudioToolbox.framework */; };
		820114AE19B35EFF00F44D0B /* CFNetwork.framework in Frameworks */ = {isa = PBXBuildFile; fileRef = 820114A419B35EFF00F44D0B /* CFNetwork.framework */; };
		820114AF19B35EFF00F44D0B /* CoreGraphics.framework in Frameworks */ = {isa = PBXBuildFile; fileRef = 820114A519B35EFF00F44D0B /* CoreGraphics.framework */; };
		820114B019B35EFF00F44D0B /* CoreLocation.framework in Frameworks */ = {isa = PBXBuildFile; fileRef = 820114A619B35EFF00F44D0B /* CoreLocation.framework */; };
		820114B119B35EFF00F44D0B /* libz.dylib in Frameworks */ = {isa = PBXBuildFile; fileRef = 820114A719B35EFF00F44D0B /* libz.dylib */; };
		820114B219B35EFF00F44D0B /* MobileCoreServices.framework in Frameworks */ = {isa = PBXBuildFile; fileRef = 820114A819B35EFF00F44D0B /* MobileCoreServices.framework */; };
		820114B319B35EFF00F44D0B /* QuartzCore.framework in Frameworks */ = {isa = PBXBuildFile; fileRef = 820114A919B35EFF00F44D0B /* QuartzCore.framework */; };
		820114B419B35EFF00F44D0B /* Security.framework in Frameworks */ = {isa = PBXBuildFile; fileRef = 820114AA19B35EFF00F44D0B /* Security.framework */; };
		820114B519B35EFF00F44D0B /* StoreKit.framework in Frameworks */ = {isa = PBXBuildFile; fileRef = 820114AB19B35EFF00F44D0B /* StoreKit.framework */; };
		820114B619B35EFF00F44D0B /* SystemConfiguration.framework in Frameworks */ = {isa = PBXBuildFile; fileRef = 820114AC19B35EFF00F44D0B /* SystemConfiguration.framework */; };
/* End PBXBuildFile section */

/* Begin PBXContainerItemProxy section */
		8201148F19B3548A00F44D0B /* PBXContainerItemProxy */ = {
			isa = PBXContainerItemProxy;
			containerPortal = 8201147019B3548A00F44D0B /* Project object */;
			proxyType = 1;
			remoteGlobalIDString = 8201147719B3548A00F44D0B;
			remoteInfo = WeatherCandy;
		};
/* End PBXContainerItemProxy section */

/* Begin PBXFileReference section */
		7F14C61419B5D92D001FA062 /* Weather&Time.ttf */ = {isa = PBXFileReference; lastKnownFileType = file; path = "Weather&Time.ttf"; sourceTree = "<group>"; };
		7F14C61719B5DE58001FA062 /* UIImageViewAligned.h */ = {isa = PBXFileReference; fileEncoding = 4; lastKnownFileType = sourcecode.c.h; path = UIImageViewAligned.h; sourceTree = "<group>"; };
		7F14C61819B5DE58001FA062 /* UIImageViewAligned.m */ = {isa = PBXFileReference; fileEncoding = 4; lastKnownFileType = sourcecode.c.objc; path = UIImageViewAligned.m; sourceTree = "<group>"; };
		7F14C61B19B5EC69001FA062 /* WCAddCityViewController.h */ = {isa = PBXFileReference; fileEncoding = 4; lastKnownFileType = sourcecode.c.h; path = WCAddCityViewController.h; sourceTree = "<group>"; };
		7F14C61C19B5EC69001FA062 /* WCAddCityViewController.m */ = {isa = PBXFileReference; fileEncoding = 4; lastKnownFileType = sourcecode.c.objc; path = WCAddCityViewController.m; sourceTree = "<group>"; };
		7F14C61E19B5F349001FA062 /* WCSlideDownModalAnimation.h */ = {isa = PBXFileReference; fileEncoding = 4; lastKnownFileType = sourcecode.c.h; path = WCSlideDownModalAnimation.h; sourceTree = "<group>"; };
		7F14C61F19B5F349001FA062 /* WCSlideDownModalAnimation.m */ = {isa = PBXFileReference; fileEncoding = 4; lastKnownFileType = sourcecode.c.objc; path = WCSlideDownModalAnimation.m; sourceTree = "<group>"; };
		7F14C62119B60EF0001FA062 /* WCCity.h */ = {isa = PBXFileReference; fileEncoding = 4; lastKnownFileType = sourcecode.c.h; path = WCCity.h; sourceTree = "<group>"; };
		7F14C62219B60EF0001FA062 /* WCCity.m */ = {isa = PBXFileReference; fileEncoding = 4; lastKnownFileType = sourcecode.c.objc; path = WCCity.m; sourceTree = "<group>"; };
		7F14C62519B61A29001FA062 /* WCCityCell.h */ = {isa = PBXFileReference; fileEncoding = 4; lastKnownFileType = sourcecode.c.h; path = WCCityCell.h; sourceTree = "<group>"; };
		7F14C62619B61A29001FA062 /* WCCityCell.m */ = {isa = PBXFileReference; fileEncoding = 4; lastKnownFileType = sourcecode.c.objc; path = WCCityCell.m; sourceTree = "<group>"; };
		7FAE69D619B5A6BA0061B1BD /* WCCollectionViewCell.h */ = {isa = PBXFileReference; fileEncoding = 4; lastKnownFileType = sourcecode.c.h; path = WCCollectionViewCell.h; sourceTree = "<group>"; };
		7FAE69D719B5A6BA0061B1BD /* WCCollectionViewCell.m */ = {isa = PBXFileReference; fileEncoding = 4; lastKnownFileType = sourcecode.c.objc; path = WCCollectionViewCell.m; sourceTree = "<group>"; };
		7FAE69DC19B5AD370061B1BD /* WCAlphaGradientView.h */ = {isa = PBXFileReference; fileEncoding = 4; lastKnownFileType = sourcecode.c.h; path = WCAlphaGradientView.h; sourceTree = "<group>"; };
		7FAE69DD19B5AD370061B1BD /* WCAlphaGradientView.m */ = {isa = PBXFileReference; fileEncoding = 4; lastKnownFileType = sourcecode.c.objc; path = WCAlphaGradientView.m; sourceTree = "<group>"; };
		7FAE69E119B5B0230061B1BD /* WCConstants.h */ = {isa = PBXFileReference; lastKnownFileType = sourcecode.c.h; path = WCConstants.h; sourceTree = "<group>"; };
		7FAE69E319B5B2040061B1BD /* WCNavigationController.h */ = {isa = PBXFileReference; fileEncoding = 4; lastKnownFileType = sourcecode.c.h; path = WCNavigationController.h; sourceTree = "<group>"; };
		7FAE69E419B5B2040061B1BD /* WCNavigationController.m */ = {isa = PBXFileReference; fileEncoding = 4; lastKnownFileType = sourcecode.c.objc; path = WCNavigationController.m; sourceTree = "<group>"; };
		7FAE69E719B5B42D0061B1BD /* AFHTTPRequestOperation.h */ = {isa = PBXFileReference; fileEncoding = 4; lastKnownFileType = sourcecode.c.h; path = AFHTTPRequestOperation.h; sourceTree = "<group>"; };
		7FAE69E819B5B42D0061B1BD /* AFHTTPRequestOperation.m */ = {isa = PBXFileReference; fileEncoding = 4; lastKnownFileType = sourcecode.c.objc; path = AFHTTPRequestOperation.m; sourceTree = "<group>"; };
		7FAE69E919B5B42D0061B1BD /* AFHTTPRequestOperationManager.h */ = {isa = PBXFileReference; fileEncoding = 4; lastKnownFileType = sourcecode.c.h; path = AFHTTPRequestOperationManager.h; sourceTree = "<group>"; };
		7FAE69EA19B5B42D0061B1BD /* AFHTTPRequestOperationManager.m */ = {isa = PBXFileReference; fileEncoding = 4; lastKnownFileType = sourcecode.c.objc; path = AFHTTPRequestOperationManager.m; sourceTree = "<group>"; };
		7FAE69EB19B5B42D0061B1BD /* AFHTTPSessionManager.h */ = {isa = PBXFileReference; fileEncoding = 4; lastKnownFileType = sourcecode.c.h; path = AFHTTPSessionManager.h; sourceTree = "<group>"; };
		7FAE69EC19B5B42D0061B1BD /* AFHTTPSessionManager.m */ = {isa = PBXFileReference; fileEncoding = 4; lastKnownFileType = sourcecode.c.objc; path = AFHTTPSessionManager.m; sourceTree = "<group>"; };
		7FAE69ED19B5B42D0061B1BD /* AFNetworking.h */ = {isa = PBXFileReference; fileEncoding = 4; lastKnownFileType = sourcecode.c.h; path = AFNetworking.h; sourceTree = "<group>"; };
		7FAE69EE19B5B42D0061B1BD /* AFNetworkReachabilityManager.h */ = {isa = PBXFileReference; fileEncoding = 4; lastKnownFileType = sourcecode.c.h; path = AFNetworkReachabilityManager.h; sourceTree = "<group>"; };
		7FAE69EF19B5B42D0061B1BD /* AFNetworkReachabilityManager.m */ = {isa = PBXFileReference; fileEncoding = 4; lastKnownFileType = sourcecode.c.objc; path = AFNetworkReachabilityManager.m; sourceTree = "<group>"; };
		7FAE69F019B5B42D0061B1BD /* AFSecurityPolicy.h */ = {isa = PBXFileReference; fileEncoding = 4; lastKnownFileType = sourcecode.c.h; path = AFSecurityPolicy.h; sourceTree = "<group>"; };
		7FAE69F119B5B42D0061B1BD /* AFSecurityPolicy.m */ = {isa = PBXFileReference; fileEncoding = 4; lastKnownFileType = sourcecode.c.objc; path = AFSecurityPolicy.m; sourceTree = "<group>"; };
		7FAE69F219B5B42D0061B1BD /* AFURLConnectionOperation.h */ = {isa = PBXFileReference; fileEncoding = 4; lastKnownFileType = sourcecode.c.h; path = AFURLConnectionOperation.h; sourceTree = "<group>"; };
		7FAE69F319B5B42D0061B1BD /* AFURLConnectionOperation.m */ = {isa = PBXFileReference; fileEncoding = 4; lastKnownFileType = sourcecode.c.objc; path = AFURLConnectionOperation.m; sourceTree = "<group>"; };
		7FAE69F419B5B42D0061B1BD /* AFURLRequestSerialization.h */ = {isa = PBXFileReference; fileEncoding = 4; lastKnownFileType = sourcecode.c.h; path = AFURLRequestSerialization.h; sourceTree = "<group>"; };
		7FAE69F519B5B42D0061B1BD /* AFURLRequestSerialization.m */ = {isa = PBXFileReference; fileEncoding = 4; lastKnownFileType = sourcecode.c.objc; path = AFURLRequestSerialization.m; sourceTree = "<group>"; };
		7FAE69F619B5B42D0061B1BD /* AFURLResponseSerialization.h */ = {isa = PBXFileReference; fileEncoding = 4; lastKnownFileType = sourcecode.c.h; path = AFURLResponseSerialization.h; sourceTree = "<group>"; };
		7FAE69F719B5B42D0061B1BD /* AFURLResponseSerialization.m */ = {isa = PBXFileReference; fileEncoding = 4; lastKnownFileType = sourcecode.c.objc; path = AFURLResponseSerialization.m; sourceTree = "<group>"; };
		7FAE69F819B5B42D0061B1BD /* AFURLSessionManager.h */ = {isa = PBXFileReference; fileEncoding = 4; lastKnownFileType = sourcecode.c.h; path = AFURLSessionManager.h; sourceTree = "<group>"; };
		7FAE69F919B5B42D0061B1BD /* AFURLSessionManager.m */ = {isa = PBXFileReference; fileEncoding = 4; lastKnownFileType = sourcecode.c.objc; path = AFURLSessionManager.m; sourceTree = "<group>"; };
		7FAE6A0319B5C74B0061B1BD /* UIImageView+AFNetworking.h */ = {isa = PBXFileReference; fileEncoding = 4; lastKnownFileType = sourcecode.c.h; name = "UIImageView+AFNetworking.h"; path = "Frameworks/AFNetworking/UIKit+AFNetworking/UIImageView+AFNetworking.h"; sourceTree = SOURCE_ROOT; };
		7FAE6A0419B5C74B0061B1BD /* UIImageView+AFNetworking.m */ = {isa = PBXFileReference; fileEncoding = 4; lastKnownFileType = sourcecode.c.objc; name = "UIImageView+AFNetworking.m"; path = "Frameworks/AFNetworking/UIKit+AFNetworking/UIImageView+AFNetworking.m"; sourceTree = SOURCE_ROOT; };
		7FDB143019B6E29200790272 /* WCPhoto.h */ = {isa = PBXFileReference; fileEncoding = 4; lastKnownFileType = sourcecode.c.h; path = WCPhoto.h; sourceTree = "<group>"; };
		7FDB143119B6E29200790272 /* WCPhoto.m */ = {isa = PBXFileReference; fileEncoding = 4; lastKnownFileType = sourcecode.c.objc; path = WCPhoto.m; sourceTree = "<group>"; };
		8201147819B3548A00F44D0B /* WeatherCandy.app */ = {isa = PBXFileReference; explicitFileType = wrapper.application; includeInIndex = 0; path = WeatherCandy.app; sourceTree = BUILT_PRODUCTS_DIR; };
		8201147C19B3548A00F44D0B /* Info.plist */ = {isa = PBXFileReference; lastKnownFileType = text.plist.xml; path = Info.plist; sourceTree = "<group>"; };
		8201147D19B3548A00F44D0B /* main.m */ = {isa = PBXFileReference; lastKnownFileType = sourcecode.c.objc; path = main.m; sourceTree = "<group>"; };
		8201147F19B3548A00F44D0B /* WCAppDelegate.h */ = {isa = PBXFileReference; lastKnownFileType = sourcecode.c.h; path = WCAppDelegate.h; sourceTree = "<group>"; };
		8201148019B3548A00F44D0B /* WCAppDelegate.m */ = {isa = PBXFileReference; lastKnownFileType = sourcecode.c.objc; path = WCAppDelegate.m; sourceTree = "<group>"; };
		8201148219B3548A00F44D0B /* WCMainViewController.h */ = {isa = PBXFileReference; lastKnownFileType = sourcecode.c.h; path = WCMainViewController.h; sourceTree = "<group>"; };
		8201148319B3548A00F44D0B /* WCMainViewController.m */ = {isa = PBXFileReference; lastKnownFileType = sourcecode.c.objc; path = WCMainViewController.m; sourceTree = "<group>"; };
		8201148619B3548A00F44D0B /* Base */ = {isa = PBXFileReference; lastKnownFileType = file.storyboard; name = Base; path = Base.lproj/Main.storyboard; sourceTree = "<group>"; };
		8201148819B3548A00F44D0B /* Images.xcassets */ = {isa = PBXFileReference; lastKnownFileType = folder.assetcatalog; path = Images.xcassets; sourceTree = "<group>"; };
		8201148E19B3548A00F44D0B /* WeatherCandyTests.xctest */ = {isa = PBXFileReference; explicitFileType = wrapper.cfbundle; includeInIndex = 0; path = WeatherCandyTests.xctest; sourceTree = BUILT_PRODUCTS_DIR; };
		8201149319B3548A00F44D0B /* Info.plist */ = {isa = PBXFileReference; lastKnownFileType = text.plist.xml; path = Info.plist; sourceTree = "<group>"; };
		8201149419B3548A00F44D0B /* WeatherCandyTests.m */ = {isa = PBXFileReference; lastKnownFileType = sourcecode.c.objc; path = WeatherCandyTests.m; sourceTree = "<group>"; };
		8201149E19B35BE500F44D0B /* Bolts.framework */ = {isa = PBXFileReference; lastKnownFileType = wrapper.framework; path = Bolts.framework; sourceTree = "<group>"; };
		8201149F19B35BE500F44D0B /* Parse.framework */ = {isa = PBXFileReference; lastKnownFileType = wrapper.framework; path = Parse.framework; sourceTree = "<group>"; };
		820114A319B35EFF00F44D0B /* AudioToolbox.framework */ = {isa = PBXFileReference; lastKnownFileType = wrapper.framework; name = AudioToolbox.framework; path = System/Library/Frameworks/AudioToolbox.framework; sourceTree = SDKROOT; };
		820114A419B35EFF00F44D0B /* CFNetwork.framework */ = {isa = PBXFileReference; lastKnownFileType = wrapper.framework; name = CFNetwork.framework; path = System/Library/Frameworks/CFNetwork.framework; sourceTree = SDKROOT; };
		820114A519B35EFF00F44D0B /* CoreGraphics.framework */ = {isa = PBXFileReference; lastKnownFileType = wrapper.framework; name = CoreGraphics.framework; path = System/Library/Frameworks/CoreGraphics.framework; sourceTree = SDKROOT; };
		820114A619B35EFF00F44D0B /* CoreLocation.framework */ = {isa = PBXFileReference; lastKnownFileType = wrapper.framework; name = CoreLocation.framework; path = System/Library/Frameworks/CoreLocation.framework; sourceTree = SDKROOT; };
		820114A719B35EFF00F44D0B /* libz.dylib */ = {isa = PBXFileReference; lastKnownFileType = "compiled.mach-o.dylib"; name = libz.dylib; path = usr/lib/libz.dylib; sourceTree = SDKROOT; };
		820114A819B35EFF00F44D0B /* MobileCoreServices.framework */ = {isa = PBXFileReference; lastKnownFileType = wrapper.framework; name = MobileCoreServices.framework; path = System/Library/Frameworks/MobileCoreServices.framework; sourceTree = SDKROOT; };
		820114A919B35EFF00F44D0B /* QuartzCore.framework */ = {isa = PBXFileReference; lastKnownFileType = wrapper.framework; name = QuartzCore.framework; path = System/Library/Frameworks/QuartzCore.framework; sourceTree = SDKROOT; };
		820114AA19B35EFF00F44D0B /* Security.framework */ = {isa = PBXFileReference; lastKnownFileType = wrapper.framework; name = Security.framework; path = System/Library/Frameworks/Security.framework; sourceTree = SDKROOT; };
		820114AB19B35EFF00F44D0B /* StoreKit.framework */ = {isa = PBXFileReference; lastKnownFileType = wrapper.framework; name = StoreKit.framework; path = System/Library/Frameworks/StoreKit.framework; sourceTree = SDKROOT; };
		820114AC19B35EFF00F44D0B /* SystemConfiguration.framework */ = {isa = PBXFileReference; lastKnownFileType = wrapper.framework; name = SystemConfiguration.framework; path = System/Library/Frameworks/SystemConfiguration.framework; sourceTree = SDKROOT; };
/* End PBXFileReference section */

/* Begin PBXFrameworksBuildPhase section */
		8201147519B3548A00F44D0B /* Frameworks */ = {
			isa = PBXFrameworksBuildPhase;
			buildActionMask = 2147483647;
			files = (
				820114AD19B35EFF00F44D0B /* AudioToolbox.framework in Frameworks */,
				820114AE19B35EFF00F44D0B /* CFNetwork.framework in Frameworks */,
				820114AF19B35EFF00F44D0B /* CoreGraphics.framework in Frameworks */,
				820114B019B35EFF00F44D0B /* CoreLocation.framework in Frameworks */,
				820114B119B35EFF00F44D0B /* libz.dylib in Frameworks */,
				820114B219B35EFF00F44D0B /* MobileCoreServices.framework in Frameworks */,
				820114B319B35EFF00F44D0B /* QuartzCore.framework in Frameworks */,
				820114B419B35EFF00F44D0B /* Security.framework in Frameworks */,
				820114B519B35EFF00F44D0B /* StoreKit.framework in Frameworks */,
				820114B619B35EFF00F44D0B /* SystemConfiguration.framework in Frameworks */,
				820114A119B35BE500F44D0B /* Parse.framework in Frameworks */,
				820114A019B35BE500F44D0B /* Bolts.framework in Frameworks */,
			);
			runOnlyForDeploymentPostprocessing = 0;
		};
		8201148B19B3548A00F44D0B /* Frameworks */ = {
			isa = PBXFrameworksBuildPhase;
			buildActionMask = 2147483647;
			files = (
				7FAE69DF19B5AD640061B1BD /* QuartzCore.framework in Frameworks */,
			);
			runOnlyForDeploymentPostprocessing = 0;
		};
/* End PBXFrameworksBuildPhase section */

/* Begin PBXGroup section */
		7F14C61619B5DE58001FA062 /* UIImageViewAligned */ = {
			isa = PBXGroup;
			children = (
				7F14C61719B5DE58001FA062 /* UIImageViewAligned.h */,
				7F14C61819B5DE58001FA062 /* UIImageViewAligned.m */,
			);
			path = UIImageViewAligned;
			sourceTree = "<group>";
		};
		7F14C61A19B5E79F001FA062 /* Views */ = {
			isa = PBXGroup;
			children = (
				7FAE69D619B5A6BA0061B1BD /* WCCollectionViewCell.h */,
				7FAE69D719B5A6BA0061B1BD /* WCCollectionViewCell.m */,
				7FAE69DC19B5AD370061B1BD /* WCAlphaGradientView.h */,
				7FAE69DD19B5AD370061B1BD /* WCAlphaGradientView.m */,
				7F14C62519B61A29001FA062 /* WCCityCell.h */,
				7F14C62619B61A29001FA062 /* WCCityCell.m */,
			);
			name = Views;
			sourceTree = "<group>";
		};
		7F14C62419B60FF6001FA062 /* Objects */ = {
			isa = PBXGroup;
			children = (
				7F14C61E19B5F349001FA062 /* WCSlideDownModalAnimation.h */,
				7F14C61F19B5F349001FA062 /* WCSlideDownModalAnimation.m */,
				7F14C62119B60EF0001FA062 /* WCCity.h */,
				7F14C62219B60EF0001FA062 /* WCCity.m */,
				7FDB143019B6E29200790272 /* WCPhoto.h */,
				7FDB143119B6E29200790272 /* WCPhoto.m */,
			);
			name = Objects;
			sourceTree = "<group>";
		};
		7FAE69E619B5B42D0061B1BD /* AFNetworking */ = {
			isa = PBXGroup;
			children = (
				7FAE6A0319B5C74B0061B1BD /* UIImageView+AFNetworking.h */,
				7FAE6A0419B5C74B0061B1BD /* UIImageView+AFNetworking.m */,
				7FAE69E719B5B42D0061B1BD /* AFHTTPRequestOperation.h */,
				7FAE69E819B5B42D0061B1BD /* AFHTTPRequestOperation.m */,
				7FAE69E919B5B42D0061B1BD /* AFHTTPRequestOperationManager.h */,
				7FAE69EA19B5B42D0061B1BD /* AFHTTPRequestOperationManager.m */,
				7FAE69EB19B5B42D0061B1BD /* AFHTTPSessionManager.h */,
				7FAE69EC19B5B42D0061B1BD /* AFHTTPSessionManager.m */,
				7FAE69ED19B5B42D0061B1BD /* AFNetworking.h */,
				7FAE69EE19B5B42D0061B1BD /* AFNetworkReachabilityManager.h */,
				7FAE69EF19B5B42D0061B1BD /* AFNetworkReachabilityManager.m */,
				7FAE69F019B5B42D0061B1BD /* AFSecurityPolicy.h */,
				7FAE69F119B5B42D0061B1BD /* AFSecurityPolicy.m */,
				7FAE69F219B5B42D0061B1BD /* AFURLConnectionOperation.h */,
				7FAE69F319B5B42D0061B1BD /* AFURLConnectionOperation.m */,
				7FAE69F419B5B42D0061B1BD /* AFURLRequestSerialization.h */,
				7FAE69F519B5B42D0061B1BD /* AFURLRequestSerialization.m */,
				7FAE69F619B5B42D0061B1BD /* AFURLResponseSerialization.h */,
				7FAE69F719B5B42D0061B1BD /* AFURLResponseSerialization.m */,
				7FAE69F819B5B42D0061B1BD /* AFURLSessionManager.h */,
				7FAE69F919B5B42D0061B1BD /* AFURLSessionManager.m */,
			);
			name = AFNetworking;
			path = Frameworks/AFNetworking/AFNetworking;
			sourceTree = "<group>";
		};
		8201146F19B3548A00F44D0B = {
			isa = PBXGroup;
			children = (
				8201147A19B3548A00F44D0B /* WeatherCandy */,
				8201149119B3548A00F44D0B /* WeatherCandyTests */,
				8201147919B3548A00F44D0B /* Products */,
				820114A219B35C0100F44D0B /* Frameworks */,
			);
			sourceTree = "<group>";
		};
		8201147919B3548A00F44D0B /* Products */ = {
			isa = PBXGroup;
			children = (
				8201147819B3548A00F44D0B /* WeatherCandy.app */,
				8201148E19B3548A00F44D0B /* WeatherCandyTests.xctest */,
			);
			name = Products;
			sourceTree = "<group>";
		};
		8201147A19B3548A00F44D0B /* WeatherCandy */ = {
			isa = PBXGroup;
			children = (
				7F14C62419B60FF6001FA062 /* Objects */,
				7F14C61A19B5E79F001FA062 /* Views */,
				8201147F19B3548A00F44D0B /* WCAppDelegate.h */,
				8201148019B3548A00F44D0B /* WCAppDelegate.m */,
				8201148219B3548A00F44D0B /* WCMainViewController.h */,
				8201148319B3548A00F44D0B /* WCMainViewController.m */,
				7F14C61B19B5EC69001FA062 /* WCAddCityViewController.h */,
				7F14C61C19B5EC69001FA062 /* WCAddCityViewController.m */,
				7FAE69E319B5B2040061B1BD /* WCNavigationController.h */,
				7FAE69E419B5B2040061B1BD /* WCNavigationController.m */,
				8201148519B3548A00F44D0B /* Main.storyboard */,
				8201148819B3548A00F44D0B /* Images.xcassets */,
				8201147B19B3548A00F44D0B /* Supporting Files */,
			);
			path = WeatherCandy;
			sourceTree = "<group>";
		};
		8201147B19B3548A00F44D0B /* Supporting Files */ = {
			isa = PBXGroup;
			children = (
				7F14C61419B5D92D001FA062 /* Weather&Time.ttf */,
				7FAE69E119B5B0230061B1BD /* WCConstants.h */,
				8201147C19B3548A00F44D0B /* Info.plist */,
				8201147D19B3548A00F44D0B /* main.m */,
			);
			name = "Supporting Files";
			sourceTree = "<group>";
		};
		8201149119B3548A00F44D0B /* WeatherCandyTests */ = {
			isa = PBXGroup;
			children = (
				8201149419B3548A00F44D0B /* WeatherCandyTests.m */,
				8201149219B3548A00F44D0B /* Supporting Files */,
			);
			path = WeatherCandyTests;
			sourceTree = "<group>";
		};
		8201149219B3548A00F44D0B /* Supporting Files */ = {
			isa = PBXGroup;
			children = (
				8201149319B3548A00F44D0B /* Info.plist */,
			);
			name = "Supporting Files";
			sourceTree = "<group>";
		};
		820114A219B35C0100F44D0B /* Frameworks */ = {
			isa = PBXGroup;
			children = (
				7F14C61619B5DE58001FA062 /* UIImageViewAligned */,
				7FAE69E619B5B42D0061B1BD /* AFNetworking */,
				820114A319B35EFF00F44D0B /* AudioToolbox.framework */,
				820114A419B35EFF00F44D0B /* CFNetwork.framework */,
				820114A519B35EFF00F44D0B /* CoreGraphics.framework */,
				820114A619B35EFF00F44D0B /* CoreLocation.framework */,
				820114A719B35EFF00F44D0B /* libz.dylib */,
				820114A819B35EFF00F44D0B /* MobileCoreServices.framework */,
				820114A919B35EFF00F44D0B /* QuartzCore.framework */,
				820114AA19B35EFF00F44D0B /* Security.framework */,
				820114AB19B35EFF00F44D0B /* StoreKit.framework */,
				820114AC19B35EFF00F44D0B /* SystemConfiguration.framework */,
				8201149E19B35BE500F44D0B /* Bolts.framework */,
				8201149F19B35BE500F44D0B /* Parse.framework */,
			);
			name = Frameworks;
			sourceTree = "<group>";
		};
/* End PBXGroup section */

/* Begin PBXNativeTarget section */
		8201147719B3548A00F44D0B /* WeatherCandy */ = {
			isa = PBXNativeTarget;
			buildConfigurationList = 8201149819B3548A00F44D0B /* Build configuration list for PBXNativeTarget "WeatherCandy" */;
			buildPhases = (
				8201147419B3548A00F44D0B /* Sources */,
				8201147519B3548A00F44D0B /* Frameworks */,
				8201147619B3548A00F44D0B /* Resources */,
			);
			buildRules = (
			);
			dependencies = (
			);
			name = WeatherCandy;
			productName = WeatherCandy;
			productReference = 8201147819B3548A00F44D0B /* WeatherCandy.app */;
			productType = "com.apple.product-type.application";
		};
		8201148D19B3548A00F44D0B /* WeatherCandyTests */ = {
			isa = PBXNativeTarget;
			buildConfigurationList = 8201149B19B3548A00F44D0B /* Build configuration list for PBXNativeTarget "WeatherCandyTests" */;
			buildPhases = (
				8201148A19B3548A00F44D0B /* Sources */,
				8201148B19B3548A00F44D0B /* Frameworks */,
				8201148C19B3548A00F44D0B /* Resources */,
			);
			buildRules = (
			);
			dependencies = (
				8201149019B3548A00F44D0B /* PBXTargetDependency */,
			);
			name = WeatherCandyTests;
			productName = WeatherCandyTests;
			productReference = 8201148E19B3548A00F44D0B /* WeatherCandyTests.xctest */;
			productType = "com.apple.product-type.bundle.unit-test";
		};
/* End PBXNativeTarget section */

/* Begin PBXProject section */
		8201147019B3548A00F44D0B /* Project object */ = {
			isa = PBXProject;
			attributes = {
				LastUpgradeCheck = 0600;
				ORGANIZATIONNAME = sickaf;
				TargetAttributes = {
					8201147719B3548A00F44D0B = {
						CreatedOnToolsVersion = 6.0;
					};
					8201148D19B3548A00F44D0B = {
						CreatedOnToolsVersion = 6.0;
						TestTargetID = 8201147719B3548A00F44D0B;
					};
				};
			};
			buildConfigurationList = 8201147319B3548A00F44D0B /* Build configuration list for PBXProject "WeatherCandy" */;
			compatibilityVersion = "Xcode 3.2";
			developmentRegion = English;
			hasScannedForEncodings = 0;
			knownRegions = (
				en,
				Base,
			);
			mainGroup = 8201146F19B3548A00F44D0B;
			productRefGroup = 8201147919B3548A00F44D0B /* Products */;
			projectDirPath = "";
			projectRoot = "";
			targets = (
				8201147719B3548A00F44D0B /* WeatherCandy */,
				8201148D19B3548A00F44D0B /* WeatherCandyTests */,
			);
		};
/* End PBXProject section */

/* Begin PBXResourcesBuildPhase section */
		8201147619B3548A00F44D0B /* Resources */ = {
			isa = PBXResourcesBuildPhase;
			buildActionMask = 2147483647;
			files = (
				7F14C61519B5DA66001FA062 /* Weather&Time.ttf in Resources */,
				8201148719B3548A00F44D0B /* Main.storyboard in Resources */,
				8201148919B3548A00F44D0B /* Images.xcassets in Resources */,
			);
			runOnlyForDeploymentPostprocessing = 0;
		};
		8201148C19B3548A00F44D0B /* Resources */ = {
			isa = PBXResourcesBuildPhase;
			buildActionMask = 2147483647;
			files = (
			);
			runOnlyForDeploymentPostprocessing = 0;
		};
/* End PBXResourcesBuildPhase section */

/* Begin PBXSourcesBuildPhase section */
		8201147419B3548A00F44D0B /* Sources */ = {
			isa = PBXSourcesBuildPhase;
			buildActionMask = 2147483647;
			files = (
				7FDB143219B6E29200790272 /* WCPhoto.m in Sources */,
				7FAE6A0219B5B42D0061B1BD /* AFURLSessionManager.m in Sources */,
				7FAE69DE19B5AD370061B1BD /* WCAlphaGradientView.m in Sources */,
				8201148419B3548A00F44D0B /* WCMainViewController.m in Sources */,
				7FAE69FD19B5B42D0061B1BD /* AFNetworkReachabilityManager.m in Sources */,
				8201148119B3548A00F44D0B /* WCAppDelegate.m in Sources */,
				7FAE69FF19B5B42D0061B1BD /* AFURLConnectionOperation.m in Sources */,
				7FAE69FC19B5B42D0061B1BD /* AFHTTPSessionManager.m in Sources */,
				7FAE6A0019B5B42D0061B1BD /* AFURLRequestSerialization.m in Sources */,
				7FAE69D819B5A6BA0061B1BD /* WCCollectionViewCell.m in Sources */,
				7F14C61D19B5EC69001FA062 /* WCAddCityViewController.m in Sources */,
				7F14C62319B60EF0001FA062 /* WCCity.m in Sources */,
				8201147E19B3548A00F44D0B /* main.m in Sources */,
				7FAE69E519B5B2040061B1BD /* WCNavigationController.m in Sources */,
				7FAE6A0519B5C74B0061B1BD /* UIImageView+AFNetworking.m in Sources */,
				7F14C62719B61A29001FA062 /* WCCityCell.m in Sources */,
				7F14C61919B5DE58001FA062 /* UIImageViewAligned.m in Sources */,
				7FAE69FB19B5B42D0061B1BD /* AFHTTPRequestOperationManager.m in Sources */,
				7FAE69FE19B5B42D0061B1BD /* AFSecurityPolicy.m in Sources */,
				7FAE6A0119B5B42D0061B1BD /* AFURLResponseSerialization.m in Sources */,
				7F14C62019B5F349001FA062 /* WCSlideDownModalAnimation.m in Sources */,
				7FAE69FA19B5B42D0061B1BD /* AFHTTPRequestOperation.m in Sources */,
			);
			runOnlyForDeploymentPostprocessing = 0;
		};
		8201148A19B3548A00F44D0B /* Sources */ = {
			isa = PBXSourcesBuildPhase;
			buildActionMask = 2147483647;
			files = (
				8201149519B3548A00F44D0B /* WeatherCandyTests.m in Sources */,
			);
			runOnlyForDeploymentPostprocessing = 0;
		};
/* End PBXSourcesBuildPhase section */

/* Begin PBXTargetDependency section */
		8201149019B3548A00F44D0B /* PBXTargetDependency */ = {
			isa = PBXTargetDependency;
			target = 8201147719B3548A00F44D0B /* WeatherCandy */;
			targetProxy = 8201148F19B3548A00F44D0B /* PBXContainerItemProxy */;
		};
/* End PBXTargetDependency section */

/* Begin PBXVariantGroup section */
		8201148519B3548A00F44D0B /* Main.storyboard */ = {
			isa = PBXVariantGroup;
			children = (
				8201148619B3548A00F44D0B /* Base */,
			);
			name = Main.storyboard;
			sourceTree = "<group>";
		};
/* End PBXVariantGroup section */

/* Begin XCBuildConfiguration section */
		8201149619B3548A00F44D0B /* Debug */ = {
			isa = XCBuildConfiguration;
			buildSettings = {
				ALWAYS_SEARCH_USER_PATHS = NO;
				CLANG_CXX_LANGUAGE_STANDARD = "gnu++0x";
				CLANG_CXX_LIBRARY = "libc++";
				CLANG_ENABLE_MODULES = YES;
				CLANG_ENABLE_OBJC_ARC = YES;
				CLANG_WARN_BOOL_CONVERSION = YES;
				CLANG_WARN_CONSTANT_CONVERSION = YES;
				CLANG_WARN_DIRECT_OBJC_ISA_USAGE = YES_ERROR;
				CLANG_WARN_EMPTY_BODY = YES;
				CLANG_WARN_ENUM_CONVERSION = YES;
				CLANG_WARN_INT_CONVERSION = YES;
				CLANG_WARN_OBJC_ROOT_CLASS = YES_ERROR;
				CLANG_WARN_UNREACHABLE_CODE = YES;
				CLANG_WARN__DUPLICATE_METHOD_MATCH = YES;
				"CODE_SIGN_IDENTITY[sdk=iphoneos*]" = "iPhone Developer";
				COPY_PHASE_STRIP = NO;
				ENABLE_STRICT_OBJC_MSGSEND = YES;
				GCC_C_LANGUAGE_STANDARD = gnu99;
				GCC_DYNAMIC_NO_PIC = NO;
				GCC_OPTIMIZATION_LEVEL = 0;
				GCC_PREPROCESSOR_DEFINITIONS = (
					"DEBUG=1",
					"$(inherited)",
				);
				GCC_SYMBOLS_PRIVATE_EXTERN = NO;
				GCC_WARN_64_TO_32_BIT_CONVERSION = YES;
				GCC_WARN_ABOUT_RETURN_TYPE = YES_ERROR;
				GCC_WARN_UNDECLARED_SELECTOR = YES;
				GCC_WARN_UNINITIALIZED_AUTOS = YES_AGGRESSIVE;
				GCC_WARN_UNUSED_FUNCTION = YES;
				GCC_WARN_UNUSED_VARIABLE = YES;
				IPHONEOS_DEPLOYMENT_TARGET = 7.1;
				MTL_ENABLE_DEBUG_INFO = YES;
				ONLY_ACTIVE_ARCH = YES;
				SDKROOT = iphoneos;
			};
			name = Debug;
		};
		8201149719B3548A00F44D0B /* Release */ = {
			isa = XCBuildConfiguration;
			buildSettings = {
				ALWAYS_SEARCH_USER_PATHS = NO;
				CLANG_CXX_LANGUAGE_STANDARD = "gnu++0x";
				CLANG_CXX_LIBRARY = "libc++";
				CLANG_ENABLE_MODULES = YES;
				CLANG_ENABLE_OBJC_ARC = YES;
				CLANG_WARN_BOOL_CONVERSION = YES;
				CLANG_WARN_CONSTANT_CONVERSION = YES;
				CLANG_WARN_DIRECT_OBJC_ISA_USAGE = YES_ERROR;
				CLANG_WARN_EMPTY_BODY = YES;
				CLANG_WARN_ENUM_CONVERSION = YES;
				CLANG_WARN_INT_CONVERSION = YES;
				CLANG_WARN_OBJC_ROOT_CLASS = YES_ERROR;
				CLANG_WARN_UNREACHABLE_CODE = YES;
				CLANG_WARN__DUPLICATE_METHOD_MATCH = YES;
				"CODE_SIGN_IDENTITY[sdk=iphoneos*]" = "iPhone Developer";
				COPY_PHASE_STRIP = YES;
				ENABLE_NS_ASSERTIONS = NO;
				ENABLE_STRICT_OBJC_MSGSEND = YES;
				GCC_C_LANGUAGE_STANDARD = gnu99;
				GCC_WARN_64_TO_32_BIT_CONVERSION = YES;
				GCC_WARN_ABOUT_RETURN_TYPE = YES_ERROR;
				GCC_WARN_UNDECLARED_SELECTOR = YES;
				GCC_WARN_UNINITIALIZED_AUTOS = YES_AGGRESSIVE;
				GCC_WARN_UNUSED_FUNCTION = YES;
				GCC_WARN_UNUSED_VARIABLE = YES;
				IPHONEOS_DEPLOYMENT_TARGET = 7.1;
				MTL_ENABLE_DEBUG_INFO = NO;
				SDKROOT = iphoneos;
				VALIDATE_PRODUCT = YES;
			};
			name = Release;
		};
		8201149919B3548A00F44D0B /* Debug */ = {
			isa = XCBuildConfiguration;
			buildSettings = {
				ASSETCATALOG_COMPILER_APPICON_NAME = AppIcon;
				ASSETCATALOG_COMPILER_LAUNCHIMAGE_NAME = LaunchImage;
				FRAMEWORK_SEARCH_PATHS = (
					"$(inherited)",
					"$(PROJECT_DIR)",
				);
				INFOPLIST_FILE = WeatherCandy/Info.plist;
				IPHONEOS_DEPLOYMENT_TARGET = 7.1;
				LD_RUNPATH_SEARCH_PATHS = "$(inherited) @executable_path/Frameworks";
				PRODUCT_NAME = "$(TARGET_NAME)";
			};
			name = Debug;
		};
		8201149A19B3548A00F44D0B /* Release */ = {
			isa = XCBuildConfiguration;
			buildSettings = {
				ASSETCATALOG_COMPILER_APPICON_NAME = AppIcon;
				ASSETCATALOG_COMPILER_LAUNCHIMAGE_NAME = LaunchImage;
				FRAMEWORK_SEARCH_PATHS = (
					"$(inherited)",
					"$(PROJECT_DIR)",
				);
				INFOPLIST_FILE = WeatherCandy/Info.plist;
				IPHONEOS_DEPLOYMENT_TARGET = 7.1;
				LD_RUNPATH_SEARCH_PATHS = "$(inherited) @executable_path/Frameworks";
				PRODUCT_NAME = "$(TARGET_NAME)";
			};
			name = Release;
		};
		8201149C19B3548A00F44D0B /* Debug */ = {
			isa = XCBuildConfiguration;
			buildSettings = {
				BUNDLE_LOADER = "$(TEST_HOST)";
				FRAMEWORK_SEARCH_PATHS = (
					"$(SDKROOT)/Developer/Library/Frameworks",
					"$(inherited)",
				);
				GCC_PREPROCESSOR_DEFINITIONS = (
					"DEBUG=1",
					"$(inherited)",
				);
				INFOPLIST_FILE = WeatherCandyTests/Info.plist;
				IPHONEOS_DEPLOYMENT_TARGET = 7.1;
				LD_RUNPATH_SEARCH_PATHS = "$(inherited) @executable_path/Frameworks @loader_path/Frameworks";
				PRODUCT_NAME = "$(TARGET_NAME)";
				TEST_HOST = "$(BUILT_PRODUCTS_DIR)/WeatherCandy.app/WeatherCandy";
			};
			name = Debug;
		};
		8201149D19B3548A00F44D0B /* Release */ = {
			isa = XCBuildConfiguration;
			buildSettings = {
				BUNDLE_LOADER = "$(TEST_HOST)";
				FRAMEWORK_SEARCH_PATHS = (
					"$(SDKROOT)/Developer/Library/Frameworks",
					"$(inherited)",
				);
				INFOPLIST_FILE = WeatherCandyTests/Info.plist;
				IPHONEOS_DEPLOYMENT_TARGET = 7.1;
				LD_RUNPATH_SEARCH_PATHS = "$(inherited) @executable_path/Frameworks @loader_path/Frameworks";
				PRODUCT_NAME = "$(TARGET_NAME)";
				TEST_HOST = "$(BUILT_PRODUCTS_DIR)/WeatherCandy.app/WeatherCandy";
			};
			name = Release;
		};
/* End XCBuildConfiguration section */

/* Begin XCConfigurationList section */
		8201147319B3548A00F44D0B /* Build configuration list for PBXProject "WeatherCandy" */ = {
			isa = XCConfigurationList;
			buildConfigurations = (
				8201149619B3548A00F44D0B /* Debug */,
				8201149719B3548A00F44D0B /* Release */,
			);
			defaultConfigurationIsVisible = 0;
			defaultConfigurationName = Release;
		};
		8201149819B3548A00F44D0B /* Build configuration list for PBXNativeTarget "WeatherCandy" */ = {
			isa = XCConfigurationList;
			buildConfigurations = (
				8201149919B3548A00F44D0B /* Debug */,
				8201149A19B3548A00F44D0B /* Release */,
			);
			defaultConfigurationIsVisible = 0;
			defaultConfigurationName = Release;
		};
		8201149B19B3548A00F44D0B /* Build configuration list for PBXNativeTarget "WeatherCandyTests" */ = {
			isa = XCConfigurationList;
			buildConfigurations = (
				8201149C19B3548A00F44D0B /* Debug */,
				8201149D19B3548A00F44D0B /* Release */,
			);
			defaultConfigurationIsVisible = 0;
			defaultConfigurationName = Release;
		};
/* End XCConfigurationList section */
	};
	rootObject = 8201147019B3548A00F44D0B /* Project object */;
}
